dependencies:
- name: postgresql
  repository: https://charts.bitnami.com/bitnami
  version: 12.2.5
- name: postgresql
  repository: https://charts.bitnami.com/bitnami
  version: 12.2.5
- name: postgresql
  repository: https://charts.bitnami.com/bitnami
  version: 12.2.5
- name: mongodb
  repository: https://charts.bitnami.com/bitnami
  version: 13.0.0
- name: redis
  repository: https://charts.bitnami.com/bitnami
  version: 17.3.2
- name: kafka
  repository: https://charts.bitnami.com/bitnami
  version: 22.1.5
digest: sha256:8b03c790c1279ab6c3819ed2cf8b3d94cd3350de51805aa7f48c3cb0c1975d07
generated: "2025-09-09T10:59:35.5708163+03:00"
